// !$*UTF8*$!
{
	archiveVersion = 1;
	classes = {
	};
	objectVersion = 56;
	objects = {

/* Begin PBXBuildFile section */
		846381712BBFB2F2002968E5 /* AppDelegate.swift in Sources */ = {isa = PBXBuildFile; fileRef = 846381702BBFB2F2002968E5 /* AppDelegate.swift */; };
		846381732BBFB2F2002968E5 /* SceneDelegate.swift in Sources */ = {isa = PBXBuildFile; fileRef = 846381722BBFB2F2002968E5 /* SceneDelegate.swift */; };
		8463817B2BBFB2F2002968E5 /* Habitify.xcdatamodeld in Sources */ = {isa = PBXBuildFile; fileRef = 846381792BBFB2F2002968E5 /* Habitify.xcdatamodeld */; };
		8463817D2BBFB2F4002968E5 /* Assets.xcassets in Resources */ = {isa = PBXBuildFile; fileRef = 8463817C2BBFB2F4002968E5 /* Assets.xcassets */; };
		846381802BBFB2F4002968E5 /* LaunchScreen.storyboard in Resources */ = {isa = PBXBuildFile; fileRef = 8463817E2BBFB2F4002968E5 /* LaunchScreen.storyboard */; };
		846381882BBFB847002968E5 /* TabBarViewController.swift in Sources */ = {isa = PBXBuildFile; fileRef = 846381872BBFB847002968E5 /* TabBarViewController.swift */; };
		8463818A2BBFB952002968E5 /* TrackersViewController.swift in Sources */ = {isa = PBXBuildFile; fileRef = 846381892BBFB952002968E5 /* TrackersViewController.swift */; };
		8463818C2BBFB98E002968E5 /* StatisticsViewController.swift in Sources */ = {isa = PBXBuildFile; fileRef = 8463818B2BBFB98E002968E5 /* StatisticsViewController.swift */; };
		8463818E2BBFBE58002968E5 /* RootViewController.swift in Sources */ = {isa = PBXBuildFile; fileRef = 8463818D2BBFBE58002968E5 /* RootViewController.swift */; };
		846381922BC4766B002968E5 /* SectionHeader.swift in Sources */ = {isa = PBXBuildFile; fileRef = 846381912BC4766B002968E5 /* SectionHeader.swift */; };
		846381962BC50551002968E5 /* Tracker.swift in Sources */ = {isa = PBXBuildFile; fileRef = 846381952BC50551002968E5 /* Tracker.swift */; };
		846381982BC5056A002968E5 /* TrackerCategory.swift in Sources */ = {isa = PBXBuildFile; fileRef = 846381972BC5056A002968E5 /* TrackerCategory.swift */; };
		8463819A2BC5059B002968E5 /* TrackerRecord.swift in Sources */ = {isa = PBXBuildFile; fileRef = 846381992BC5059B002968E5 /* TrackerRecord.swift */; };
		8463819C2BC50D0C002968E5 /* ColorCell.swift in Sources */ = {isa = PBXBuildFile; fileRef = 8463819B2BC50D0C002968E5 /* ColorCell.swift */; };
		8463819E2BC52742002968E5 /* CollectionHeaderFooterView.swift in Sources */ = {isa = PBXBuildFile; fileRef = 8463819D2BC52742002968E5 /* CollectionHeaderFooterView.swift */; };
		F557C1122BC1B063004052B3 /* EmptyTrackersView.swift in Sources */ = {isa = PBXBuildFile; fileRef = F557C1112BC1B063004052B3 /* EmptyTrackersView.swift */; };
		F557C1142BC1B84E004052B3 /* UIView+Extension.swift in Sources */ = {isa = PBXBuildFile; fileRef = F557C1132BC1B84E004052B3 /* UIView+Extension.swift */; };
		F557C1162BC1F47C004052B3 /* TrackerTypeViewController.swift in Sources */ = {isa = PBXBuildFile; fileRef = F557C1152BC1F47C004052B3 /* TrackerTypeViewController.swift */; };
		F557C1182BC1F617004052B3 /* Button.swift in Sources */ = {isa = PBXBuildFile; fileRef = F557C1172BC1F617004052B3 /* Button.swift */; };
		F557C11A2BC289DE004052B3 /* UIViewController+Extension.swift in Sources */ = {isa = PBXBuildFile; fileRef = F557C1192BC289DE004052B3 /* UIViewController+Extension.swift */; };
		F557C1242BC3AFDA004052B3 /* NewHabitViewController.swift in Sources */ = {isa = PBXBuildFile; fileRef = F557C1232BC3AFDA004052B3 /* NewHabitViewController.swift */; };
		F565B2E12BC3B5A500A06B16 /* UIColor+Extension.swift in Sources */ = {isa = PBXBuildFile; fileRef = F565B2E02BC3B5A500A06B16 /* UIColor+Extension.swift */; };
		F565B2E32BC3C0EC00A06B16 /* FirstView.swift in Sources */ = {isa = PBXBuildFile; fileRef = F565B2E22BC3C0EC00A06B16 /* FirstView.swift */; };
		F565B2E52BC3C67200A06B16 /* EmojiCell.swift in Sources */ = {isa = PBXBuildFile; fileRef = F565B2E42BC3C67200A06B16 /* EmojiCell.swift */; };
		F565B2E72BC3CA9E00A06B16 /* HabitConfigurationConstants.swift in Sources */ = {isa = PBXBuildFile; fileRef = F565B2E62BC3CA9E00A06B16 /* HabitConfigurationConstants.swift */; };
/* End PBXBuildFile section */

/* Begin PBXFileReference section */
		8463816D2BBFB2F2002968E5 /* Habitify.app */ = {isa = PBXFileReference; explicitFileType = wrapper.application; includeInIndex = 0; path = Habitify.app; sourceTree = BUILT_PRODUCTS_DIR; };
		846381702BBFB2F2002968E5 /* AppDelegate.swift */ = {isa = PBXFileReference; lastKnownFileType = sourcecode.swift; path = AppDelegate.swift; sourceTree = "<group>"; };
		846381722BBFB2F2002968E5 /* SceneDelegate.swift */ = {isa = PBXFileReference; lastKnownFileType = sourcecode.swift; path = SceneDelegate.swift; sourceTree = "<group>"; };
		8463817A2BBFB2F2002968E5 /* Habitify.xcdatamodel */ = {isa = PBXFileReference; lastKnownFileType = wrapper.xcdatamodel; path = Habitify.xcdatamodel; sourceTree = "<group>"; };
		8463817C2BBFB2F4002968E5 /* Assets.xcassets */ = {isa = PBXFileReference; lastKnownFileType = folder.assetcatalog; path = Assets.xcassets; sourceTree = "<group>"; };
		8463817F2BBFB2F4002968E5 /* Base */ = {isa = PBXFileReference; lastKnownFileType = file.storyboard; name = Base; path = Base.lproj/LaunchScreen.storyboard; sourceTree = "<group>"; };
		846381812BBFB2F4002968E5 /* Info.plist */ = {isa = PBXFileReference; lastKnownFileType = text.plist.xml; path = Info.plist; sourceTree = "<group>"; };
		846381872BBFB847002968E5 /* TabBarViewController.swift */ = {isa = PBXFileReference; fileEncoding = 4; lastKnownFileType = sourcecode.swift; path = TabBarViewController.swift; sourceTree = "<group>"; };
		846381892BBFB952002968E5 /* TrackersViewController.swift */ = {isa = PBXFileReference; lastKnownFileType = sourcecode.swift; path = TrackersViewController.swift; sourceTree = "<group>"; };
		8463818B2BBFB98E002968E5 /* StatisticsViewController.swift */ = {isa = PBXFileReference; lastKnownFileType = sourcecode.swift; path = StatisticsViewController.swift; sourceTree = "<group>"; };
		8463818D2BBFBE58002968E5 /* RootViewController.swift */ = {isa = PBXFileReference; lastKnownFileType = sourcecode.swift; path = RootViewController.swift; sourceTree = "<group>"; };
		846381912BC4766B002968E5 /* SectionHeader.swift */ = {isa = PBXFileReference; lastKnownFileType = sourcecode.swift; path = SectionHeader.swift; sourceTree = "<group>"; };
		846381952BC50551002968E5 /* Tracker.swift */ = {isa = PBXFileReference; lastKnownFileType = sourcecode.swift; path = Tracker.swift; sourceTree = "<group>"; };
		846381972BC5056A002968E5 /* TrackerCategory.swift */ = {isa = PBXFileReference; lastKnownFileType = sourcecode.swift; path = TrackerCategory.swift; sourceTree = "<group>"; };
		846381992BC5059B002968E5 /* TrackerRecord.swift */ = {isa = PBXFileReference; lastKnownFileType = sourcecode.swift; path = TrackerRecord.swift; sourceTree = "<group>"; };
		8463819B2BC50D0C002968E5 /* ColorCell.swift */ = {isa = PBXFileReference; fileEncoding = 4; lastKnownFileType = sourcecode.swift; path = ColorCell.swift; sourceTree = "<group>"; };
		8463819D2BC52742002968E5 /* CollectionHeaderFooterView.swift */ = {isa = PBXFileReference; lastKnownFileType = sourcecode.swift; path = CollectionHeaderFooterView.swift; sourceTree = "<group>"; };
		F557C1112BC1B063004052B3 /* EmptyTrackersView.swift */ = {isa = PBXFileReference; lastKnownFileType = sourcecode.swift; path = EmptyTrackersView.swift; sourceTree = "<group>"; };
		F557C1132BC1B84E004052B3 /* UIView+Extension.swift */ = {isa = PBXFileReference; lastKnownFileType = sourcecode.swift; path = "UIView+Extension.swift"; sourceTree = "<group>"; };
		F557C1152BC1F47C004052B3 /* TrackerTypeViewController.swift */ = {isa = PBXFileReference; fileEncoding = 4; lastKnownFileType = sourcecode.swift; path = TrackerTypeViewController.swift; sourceTree = "<group>"; };
		F557C1172BC1F617004052B3 /* Button.swift */ = {isa = PBXFileReference; fileEncoding = 4; lastKnownFileType = sourcecode.swift; path = Button.swift; sourceTree = "<group>"; };
		F557C1192BC289DE004052B3 /* UIViewController+Extension.swift */ = {isa = PBXFileReference; fileEncoding = 4; lastKnownFileType = sourcecode.swift; path = "UIViewController+Extension.swift"; sourceTree = "<group>"; };
		F557C1232BC3AFDA004052B3 /* NewHabitViewController.swift */ = {isa = PBXFileReference; fileEncoding = 4; lastKnownFileType = sourcecode.swift; path = NewHabitViewController.swift; sourceTree = "<group>"; };
		F565B2E02BC3B5A500A06B16 /* UIColor+Extension.swift */ = {isa = PBXFileReference; lastKnownFileType = sourcecode.swift; path = "UIColor+Extension.swift"; sourceTree = "<group>"; };
		F565B2E22BC3C0EC00A06B16 /* FirstView.swift */ = {isa = PBXFileReference; lastKnownFileType = sourcecode.swift; path = FirstView.swift; sourceTree = "<group>"; };
		F565B2E42BC3C67200A06B16 /* EmojiCell.swift */ = {isa = PBXFileReference; lastKnownFileType = sourcecode.swift; path = EmojiCell.swift; sourceTree = "<group>"; };
		F565B2E62BC3CA9E00A06B16 /* HabitConfigurationConstants.swift */ = {isa = PBXFileReference; lastKnownFileType = sourcecode.swift; path = HabitConfigurationConstants.swift; sourceTree = "<group>"; };
/* End PBXFileReference section */

/* Begin PBXFrameworksBuildPhase section */
		8463816A2BBFB2F2002968E5 /* Frameworks */ = {
			isa = PBXFrameworksBuildPhase;
			buildActionMask = 2147483647;
			files = (
			);
			runOnlyForDeploymentPostprocessing = 0;
		};
/* End PBXFrameworksBuildPhase section */

/* Begin PBXGroup section */
		846381642BBFB2F2002968E5 = {
			isa = PBXGroup;
			children = (
				8463816F2BBFB2F2002968E5 /* Habitify */,
				8463816E2BBFB2F2002968E5 /* Products */,
			);
			sourceTree = "<group>";
		};
		8463816E2BBFB2F2002968E5 /* Products */ = {
			isa = PBXGroup;
			children = (
				8463816D2BBFB2F2002968E5 /* Habitify.app */,
			);
			name = Products;
			sourceTree = "<group>";
		};
		8463816F2BBFB2F2002968E5 /* Habitify */ = {
			isa = PBXGroup;
			children = (
				846381942BC5053F002968E5 /* Models */,
				846381932BC483EA002968E5 /* NewHabitCollection */,
				846381702BBFB2F2002968E5 /* AppDelegate.swift */,
				846381722BBFB2F2002968E5 /* SceneDelegate.swift */,
				8463817C2BBFB2F4002968E5 /* Assets.xcassets */,
				8463817E2BBFB2F4002968E5 /* LaunchScreen.storyboard */,
				846381812BBFB2F4002968E5 /* Info.plist */,
				846381792BBFB2F2002968E5 /* Habitify.xcdatamodeld */,
				846381892BBFB952002968E5 /* TrackersViewController.swift */,
				F565B2E62BC3CA9E00A06B16 /* HabitConfigurationConstants.swift */,
				F557C1152BC1F47C004052B3 /* TrackerTypeViewController.swift */,
				846381872BBFB847002968E5 /* TabBarViewController.swift */,
				8463818B2BBFB98E002968E5 /* StatisticsViewController.swift */,
				8463818D2BBFBE58002968E5 /* RootViewController.swift */,
				F557C1112BC1B063004052B3 /* EmptyTrackersView.swift */,
				F557C1172BC1F617004052B3 /* Button.swift */,
				F557C1132BC1B84E004052B3 /* UIView+Extension.swift */,
				F557C1192BC289DE004052B3 /* UIViewController+Extension.swift */,
				F565B2E02BC3B5A500A06B16 /* UIColor+Extension.swift */,
				F565B2E22BC3C0EC00A06B16 /* FirstView.swift */,
			);
			path = Habitify;
			sourceTree = "<group>";
		};
		846381932BC483EA002968E5 /* NewHabitCollection */ = {
			isa = PBXGroup;
			children = (
				F565B2E42BC3C67200A06B16 /* EmojiCell.swift */,
				8463819B2BC50D0C002968E5 /* ColorCell.swift */,
				846381912BC4766B002968E5 /* SectionHeader.swift */,
				F557C1232BC3AFDA004052B3 /* NewHabitViewController.swift */,
				8463819D2BC52742002968E5 /* CollectionHeaderFooterView.swift */,
			);
			path = NewHabitCollection;
			sourceTree = "<group>";
		};
		846381942BC5053F002968E5 /* Models */ = {
			isa = PBXGroup;
			children = (
				846381952BC50551002968E5 /* Tracker.swift */,
				846381972BC5056A002968E5 /* TrackerCategory.swift */,
				846381992BC5059B002968E5 /* TrackerRecord.swift */,
			);
			path = Models;
			sourceTree = "<group>";
		};
/* End PBXGroup section */

/* Begin PBXNativeTarget section */
		8463816C2BBFB2F2002968E5 /* Habitify */ = {
			isa = PBXNativeTarget;
			buildConfigurationList = 846381842BBFB2F4002968E5 /* Build configuration list for PBXNativeTarget "Habitify" */;
			buildPhases = (
				846381692BBFB2F2002968E5 /* Sources */,
				8463816A2BBFB2F2002968E5 /* Frameworks */,
				8463816B2BBFB2F2002968E5 /* Resources */,
			);
			buildRules = (
			);
			dependencies = (
			);
			name = Habitify;
			productName = Habitify;
			productReference = 8463816D2BBFB2F2002968E5 /* Habitify.app */;
			productType = "com.apple.product-type.application";
		};
/* End PBXNativeTarget section */

/* Begin PBXProject section */
		846381652BBFB2F2002968E5 /* Project object */ = {
			isa = PBXProject;
			attributes = {
				BuildIndependentTargetsInParallel = 1;
				LastSwiftUpdateCheck = 1520;
				LastUpgradeCheck = 1520;
				TargetAttributes = {
					8463816C2BBFB2F2002968E5 = {
						CreatedOnToolsVersion = 15.2;
					};
				};
			};
			buildConfigurationList = 846381682BBFB2F2002968E5 /* Build configuration list for PBXProject "Habitify" */;
			compatibilityVersion = "Xcode 14.0";
			developmentRegion = en;
			hasScannedForEncodings = 0;
			knownRegions = (
				en,
				Base,
			);
			mainGroup = 846381642BBFB2F2002968E5;
			productRefGroup = 8463816E2BBFB2F2002968E5 /* Products */;
			projectDirPath = "";
			projectRoot = "";
			targets = (
				8463816C2BBFB2F2002968E5 /* Habitify */,
			);
		};
/* End PBXProject section */

/* Begin PBXResourcesBuildPhase section */
		8463816B2BBFB2F2002968E5 /* Resources */ = {
			isa = PBXResourcesBuildPhase;
			buildActionMask = 2147483647;
			files = (
				846381802BBFB2F4002968E5 /* LaunchScreen.storyboard in Resources */,
				8463817D2BBFB2F4002968E5 /* Assets.xcassets in Resources */,
			);
			runOnlyForDeploymentPostprocessing = 0;
		};
/* End PBXResourcesBuildPhase section */

/* Begin PBXSourcesBuildPhase section */
		846381692BBFB2F2002968E5 /* Sources */ = {
			isa = PBXSourcesBuildPhase;
			buildActionMask = 2147483647;
			files = (
				846381922BC4766B002968E5 /* SectionHeader.swift in Sources */,
				F557C11A2BC289DE004052B3 /* UIViewController+Extension.swift in Sources */,
				846381962BC50551002968E5 /* Tracker.swift in Sources */,
				F565B2E32BC3C0EC00A06B16 /* FirstView.swift in Sources */,
				F565B2E52BC3C67200A06B16 /* EmojiCell.swift in Sources */,
				8463817B2BBFB2F2002968E5 /* Habitify.xcdatamodeld in Sources */,
				8463819E2BC52742002968E5 /* CollectionHeaderFooterView.swift in Sources */,
				8463818E2BBFBE58002968E5 /* RootViewController.swift in Sources */,
				846381712BBFB2F2002968E5 /* AppDelegate.swift in Sources */,
				F557C1142BC1B84E004052B3 /* UIView+Extension.swift in Sources */,
				F557C1122BC1B063004052B3 /* EmptyTrackersView.swift in Sources */,
				F557C1162BC1F47C004052B3 /* TrackerTypeViewController.swift in Sources */,
				8463819C2BC50D0C002968E5 /* ColorCell.swift in Sources */,
				F565B2E12BC3B5A500A06B16 /* UIColor+Extension.swift in Sources */,
				846381882BBFB847002968E5 /* TabBarViewController.swift in Sources */,
				846381732BBFB2F2002968E5 /* SceneDelegate.swift in Sources */,
				846381982BC5056A002968E5 /* TrackerCategory.swift in Sources */,
				F557C1242BC3AFDA004052B3 /* NewHabitViewController.swift in Sources */,
				8463818A2BBFB952002968E5 /* TrackersViewController.swift in Sources */,
				8463819A2BC5059B002968E5 /* TrackerRecord.swift in Sources */,
				8463818C2BBFB98E002968E5 /* StatisticsViewController.swift in Sources */,
				F565B2E72BC3CA9E00A06B16 /* HabitConfigurationConstants.swift in Sources */,
				F557C1182BC1F617004052B3 /* Button.swift in Sources */,
			);
			runOnlyForDeploymentPostprocessing = 0;
		};
/* End PBXSourcesBuildPhase section */

/* Begin PBXVariantGroup section */
		8463817E2BBFB2F4002968E5 /* LaunchScreen.storyboard */ = {
			isa = PBXVariantGroup;
			children = (
				8463817F2BBFB2F4002968E5 /* Base */,
			);
			name = LaunchScreen.storyboard;
			sourceTree = "<group>";
		};
/* End PBXVariantGroup section */

/* Begin XCBuildConfiguration section */
		846381822BBFB2F4002968E5 /* Debug */ = {
			isa = XCBuildConfiguration;
			buildSettings = {
				ALWAYS_SEARCH_USER_PATHS = NO;
				ASSETCATALOG_COMPILER_GENERATE_SWIFT_ASSET_SYMBOL_EXTENSIONS = YES;
				CLANG_ANALYZER_NONNULL = YES;
				CLANG_ANALYZER_NUMBER_OBJECT_CONVERSION = YES_AGGRESSIVE;
				CLANG_CXX_LANGUAGE_STANDARD = "gnu++20";
				CLANG_ENABLE_MODULES = YES;
				CLANG_ENABLE_OBJC_ARC = YES;
				CLANG_ENABLE_OBJC_WEAK = YES;
				CLANG_WARN_BLOCK_CAPTURE_AUTORELEASING = YES;
				CLANG_WARN_BOOL_CONVERSION = YES;
				CLANG_WARN_COMMA = YES;
				CLANG_WARN_CONSTANT_CONVERSION = YES;
				CLANG_WARN_DEPRECATED_OBJC_IMPLEMENTATIONS = YES;
				CLANG_WARN_DIRECT_OBJC_ISA_USAGE = YES_ERROR;
				CLANG_WARN_DOCUMENTATION_COMMENTS = YES;
				CLANG_WARN_EMPTY_BODY = YES;
				CLANG_WARN_ENUM_CONVERSION = YES;
				CLANG_WARN_INFINITE_RECURSION = YES;
				CLANG_WARN_INT_CONVERSION = YES;
				CLANG_WARN_NON_LITERAL_NULL_CONVERSION = YES;
				CLANG_WARN_OBJC_IMPLICIT_RETAIN_SELF = YES;
				CLANG_WARN_OBJC_LITERAL_CONVERSION = YES;
				CLANG_WARN_OBJC_ROOT_CLASS = YES_ERROR;
				CLANG_WARN_QUOTED_INCLUDE_IN_FRAMEWORK_HEADER = YES;
				CLANG_WARN_RANGE_LOOP_ANALYSIS = YES;
				CLANG_WARN_STRICT_PROTOTYPES = YES;
				CLANG_WARN_SUSPICIOUS_MOVE = YES;
				CLANG_WARN_UNGUARDED_AVAILABILITY = YES_AGGRESSIVE;
				CLANG_WARN_UNREACHABLE_CODE = YES;
				CLANG_WARN__DUPLICATE_METHOD_MATCH = YES;
				COPY_PHASE_STRIP = NO;
				DEBUG_INFORMATION_FORMAT = dwarf;
				ENABLE_STRICT_OBJC_MSGSEND = YES;
				ENABLE_TESTABILITY = YES;
				ENABLE_USER_SCRIPT_SANDBOXING = YES;
				GCC_C_LANGUAGE_STANDARD = gnu17;
				GCC_DYNAMIC_NO_PIC = NO;
				GCC_NO_COMMON_BLOCKS = YES;
				GCC_OPTIMIZATION_LEVEL = 0;
				GCC_PREPROCESSOR_DEFINITIONS = (
					"DEBUG=1",
					"$(inherited)",
				);
				GCC_WARN_64_TO_32_BIT_CONVERSION = YES;
				GCC_WARN_ABOUT_RETURN_TYPE = YES_ERROR;
				GCC_WARN_UNDECLARED_SELECTOR = YES;
				GCC_WARN_UNINITIALIZED_AUTOS = YES_AGGRESSIVE;
				GCC_WARN_UNUSED_FUNCTION = YES;
				GCC_WARN_UNUSED_VARIABLE = YES;
				IPHONEOS_DEPLOYMENT_TARGET = 13.4;
				LOCALIZATION_PREFERS_STRING_CATALOGS = YES;
				MTL_ENABLE_DEBUG_INFO = INCLUDE_SOURCE;
				MTL_FAST_MATH = YES;
				ONLY_ACTIVE_ARCH = YES;
				SDKROOT = iphoneos;
				SWIFT_ACTIVE_COMPILATION_CONDITIONS = "DEBUG $(inherited)";
				SWIFT_OPTIMIZATION_LEVEL = "-Onone";
			};
			name = Debug;
		};
		846381832BBFB2F4002968E5 /* Release */ = {
			isa = XCBuildConfiguration;
			buildSettings = {
				ALWAYS_SEARCH_USER_PATHS = NO;
				ASSETCATALOG_COMPILER_GENERATE_SWIFT_ASSET_SYMBOL_EXTENSIONS = YES;
				CLANG_ANALYZER_NONNULL = YES;
				CLANG_ANALYZER_NUMBER_OBJECT_CONVERSION = YES_AGGRESSIVE;
				CLANG_CXX_LANGUAGE_STANDARD = "gnu++20";
				CLANG_ENABLE_MODULES = YES;
				CLANG_ENABLE_OBJC_ARC = YES;
				CLANG_ENABLE_OBJC_WEAK = YES;
				CLANG_WARN_BLOCK_CAPTURE_AUTORELEASING = YES;
				CLANG_WARN_BOOL_CONVERSION = YES;
				CLANG_WARN_COMMA = YES;
				CLANG_WARN_CONSTANT_CONVERSION = YES;
				CLANG_WARN_DEPRECATED_OBJC_IMPLEMENTATIONS = YES;
				CLANG_WARN_DIRECT_OBJC_ISA_USAGE = YES_ERROR;
				CLANG_WARN_DOCUMENTATION_COMMENTS = YES;
				CLANG_WARN_EMPTY_BODY = YES;
				CLANG_WARN_ENUM_CONVERSION = YES;
				CLANG_WARN_INFINITE_RECURSION = YES;
				CLANG_WARN_INT_CONVERSION = YES;
				CLANG_WARN_NON_LITERAL_NULL_CONVERSION = YES;
				CLANG_WARN_OBJC_IMPLICIT_RETAIN_SELF = YES;
				CLANG_WARN_OBJC_LITERAL_CONVERSION = YES;
				CLANG_WARN_OBJC_ROOT_CLASS = YES_ERROR;
				CLANG_WARN_QUOTED_INCLUDE_IN_FRAMEWORK_HEADER = YES;
				CLANG_WARN_RANGE_LOOP_ANALYSIS = YES;
				CLANG_WARN_STRICT_PROTOTYPES = YES;
				CLANG_WARN_SUSPICIOUS_MOVE = YES;
				CLANG_WARN_UNGUARDED_AVAILABILITY = YES_AGGRESSIVE;
				CLANG_WARN_UNREACHABLE_CODE = YES;
				CLANG_WARN__DUPLICATE_METHOD_MATCH = YES;
				COPY_PHASE_STRIP = NO;
				DEBUG_INFORMATION_FORMAT = "dwarf-with-dsym";
				ENABLE_NS_ASSERTIONS = NO;
				ENABLE_STRICT_OBJC_MSGSEND = YES;
				ENABLE_USER_SCRIPT_SANDBOXING = YES;
				GCC_C_LANGUAGE_STANDARD = gnu17;
				GCC_NO_COMMON_BLOCKS = YES;
				GCC_WARN_64_TO_32_BIT_CONVERSION = YES;
				GCC_WARN_ABOUT_RETURN_TYPE = YES_ERROR;
				GCC_WARN_UNDECLARED_SELECTOR = YES;
				GCC_WARN_UNINITIALIZED_AUTOS = YES_AGGRESSIVE;
				GCC_WARN_UNUSED_FUNCTION = YES;
				GCC_WARN_UNUSED_VARIABLE = YES;
				IPHONEOS_DEPLOYMENT_TARGET = 13.4;
				LOCALIZATION_PREFERS_STRING_CATALOGS = YES;
				MTL_ENABLE_DEBUG_INFO = NO;
				MTL_FAST_MATH = YES;
				SDKROOT = iphoneos;
				SWIFT_COMPILATION_MODE = wholemodule;
				VALIDATE_PRODUCT = YES;
			};
			name = Release;
		};
		846381852BBFB2F4002968E5 /* Debug */ = {
			isa = XCBuildConfiguration;
			buildSettings = {
				ASSETCATALOG_COMPILER_APPICON_NAME = AppIcon;
				ASSETCATALOG_COMPILER_GLOBAL_ACCENT_COLOR_NAME = AccentColor;
				CODE_SIGN_STYLE = Automatic;
				CURRENT_PROJECT_VERSION = 1;
				GENERATE_INFOPLIST_FILE = YES;
				INFOPLIST_FILE = Habitify/Info.plist;
				INFOPLIST_KEY_UIApplicationSupportsIndirectInputEvents = YES;
				INFOPLIST_KEY_UILaunchStoryboardName = LaunchScreen;
				INFOPLIST_KEY_UISupportedInterfaceOrientations_iPad = "UIInterfaceOrientationPortrait UIInterfaceOrientationPortraitUpsideDown UIInterfaceOrientationLandscapeLeft UIInterfaceOrientationLandscapeRight";
				INFOPLIST_KEY_UISupportedInterfaceOrientations_iPhone = "UIInterfaceOrientationPortrait UIInterfaceOrientationLandscapeLeft UIInterfaceOrientationLandscapeRight";
				IPHONEOS_DEPLOYMENT_TARGET = 13.4;
				LD_RUNPATH_SEARCH_PATHS = (
					"$(inherited)",
					"@executable_path/Frameworks",
				);
				MARKETING_VERSION = 1.0;
				PRODUCT_BUNDLE_IDENTIFIER = com.kalmahik.Habitify;
				PRODUCT_NAME = "$(TARGET_NAME)";
				SWIFT_EMIT_LOC_STRINGS = YES;
				SWIFT_VERSION = 5.0;
				TARGETED_DEVICE_FAMILY = "1,2";
			};
			name = Debug;
		};
		846381862BBFB2F4002968E5 /* Release */ = {
			isa = XCBuildConfiguration;
			buildSettings = {
				ASSETCATALOG_COMPILER_APPICON_NAME = AppIcon;
				ASSETCATALOG_COMPILER_GLOBAL_ACCENT_COLOR_NAME = AccentColor;
				CODE_SIGN_STYLE = Automatic;
				CURRENT_PROJECT_VERSION = 1;
				GENERATE_INFOPLIST_FILE = YES;
				INFOPLIST_FILE = Habitify/Info.plist;
				INFOPLIST_KEY_UIApplicationSupportsIndirectInputEvents = YES;
				INFOPLIST_KEY_UILaunchStoryboardName = LaunchScreen;
				INFOPLIST_KEY_UISupportedInterfaceOrientations_iPad = "UIInterfaceOrientationPortrait UIInterfaceOrientationPortraitUpsideDown UIInterfaceOrientationLandscapeLeft UIInterfaceOrientationLandscapeRight";
				INFOPLIST_KEY_UISupportedInterfaceOrientations_iPhone = "UIInterfaceOrientationPortrait UIInterfaceOrientationLandscapeLeft UIInterfaceOrientationLandscapeRight";
				IPHONEOS_DEPLOYMENT_TARGET = 13.4;
				LD_RUNPATH_SEARCH_PATHS = (
					"$(inherited)",
					"@executable_path/Frameworks",
				);
				MARKETING_VERSION = 1.0;
				PRODUCT_BUNDLE_IDENTIFIER = com.kalmahik.Habitify;
				PRODUCT_NAME = "$(TARGET_NAME)";
				SWIFT_EMIT_LOC_STRINGS = YES;
				SWIFT_VERSION = 5.0;
				TARGETED_DEVICE_FAMILY = "1,2";
			};
			name = Release;
		};
/* End XCBuildConfiguration section */

/* Begin XCConfigurationList section */
		846381682BBFB2F2002968E5 /* Build configuration list for PBXProject "Habitify" */ = {
			isa = XCConfigurationList;
			buildConfigurations = (
				846381822BBFB2F4002968E5 /* Debug */,
				846381832BBFB2F4002968E5 /* Release */,
			);
			defaultConfigurationIsVisible = 0;
			defaultConfigurationName = Release;
		};
		846381842BBFB2F4002968E5 /* Build configuration list for PBXNativeTarget "Habitify" */ = {
			isa = XCConfigurationList;
			buildConfigurations = (
				846381852BBFB2F4002968E5 /* Debug */,
				846381862BBFB2F4002968E5 /* Release */,
			);
			defaultConfigurationIsVisible = 0;
			defaultConfigurationName = Release;
		};
/* End XCConfigurationList section */

/* Begin XCVersionGroup section */
		846381792BBFB2F2002968E5 /* Habitify.xcdatamodeld */ = {
			isa = XCVersionGroup;
			children = (
				8463817A2BBFB2F2002968E5 /* Habitify.xcdatamodel */,
			);
			currentVersion = 8463817A2BBFB2F2002968E5 /* Habitify.xcdatamodel */;
			path = Habitify.xcdatamodeld;
			sourceTree = "<group>";
			versionGroupType = wrapper.xcdatamodel;
		};
/* End XCVersionGroup section */
	};
	rootObject = 846381652BBFB2F2002968E5 /* Project object */;
}
